{
  "name": "anything-llm",
  "version": "0.2.0",
  "lockfileVersion": 3,
  "requires": true,
  "packages": {
    "": {
      "name": "anything-llm",
      "version": "0.2.0",
      "license": "MIT",
      "dependencies": {
        "@azure/msal-browser": "^3.20.0",
        "@azure/msal-react": "^2.0.22"
      },
      "engines": {
        "node": ">=18"
      }
    },
    "node_modules/@azure/msal-browser": {
      "version": "3.20.0",
      "resolved": "https://registry.npmjs.org/@azure/msal-browser/-/msal-browser-3.20.0.tgz",
      "integrity": "sha512-ErsxbfCGIwdqD8jipqdxpfAGiUEQS7MWUe39Rjhl0ZVPsb1JEe9bZCe2+0g23HDH6DGyCAtnTNN9scPtievrMQ==",
      "license": "MIT",
      "dependencies": {
        "@azure/msal-common": "14.14.0"
      },
      "engines": {
        "node": ">=0.8.0"
      }
    },
    "node_modules/@azure/msal-common": {
      "version": "14.14.0",
      "resolved": "https://registry.npmjs.org/@azure/msal-common/-/msal-common-14.14.0.tgz",
      "integrity": "sha512-OxcOk9H1/1fktHh6//VCORgSNJc2dCQObTm6JNmL824Z6iZSO6eFo/Bttxe0hETn9B+cr7gDouTQtsRq3YPuSQ==",
      "license": "MIT",
      "engines": {
        "node": ">=0.8.0"
      }
    },
    "node_modules/@azure/msal-react": {
      "version": "2.0.22",
      "resolved": "https://registry.npmjs.org/@azure/msal-react/-/msal-react-2.0.22.tgz",
      "integrity": "sha512-hvXWd8uYJiJr+1Kj2VOxWlLomZpxBfNZSuKxwhKAsieCbNM/4Is83ZMBtX2dMOXXx/llTGArwKzBOcp44R2ZQg==",
      "license": "MIT",
      "engines": {
        "node": ">=10"
      },
      "peerDependencies": {
        "@azure/msal-browser": "^3.20.0",
        "react": "^16.8.0 || ^17 || ^18"
      }
    },
    "node_modules/js-tokens": {
      "version": "4.0.0",
      "resolved": "https://registry.npmjs.org/js-tokens/-/js-tokens-4.0.0.tgz",
      "integrity": "sha512-RdJUflcE3cUzKiMqQgsCu06FPu9UdIJO0beYbPhHN4k6apgJtifcoCtT9bcxOpYBtpD2kCM6Sbzg4CausW/PKQ==",
      "license": "MIT",
      "peer": true
    },
    "node_modules/loose-envify": {
      "version": "1.4.0",
      "resolved": "https://registry.npmjs.org/loose-envify/-/loose-envify-1.4.0.tgz",
      "integrity": "sha512-lyuxPGr/Wfhrlem2CL/UcnUc1zcqKAImBDzukY7Y5F/yQiNdko6+fRLevlw1HgMySw7f611UIY408EtxRSoK3Q==",
      "license": "MIT",
      "peer": true,
      "dependencies": {
        "js-tokens": "^3.0.0 || ^4.0.0"
      },
      "bin": {
        "loose-envify": "cli.js"
      }
    },
    "node_modules/react": {
      "version": "18.3.1",
      "resolved": "https://registry.npmjs.org/react/-/react-18.3.1.tgz",
      "integrity": "sha512-wS+hAgJShR0KhEvPJArfuPVN1+Hz1t0Y6n5jLrGQbkb4urgPE/0Rve+1kMB1v/oWgHgm4WIcV+i7F2pTVj+2iQ==",
      "license": "MIT",
      "peer": true,
      "dependencies": {
        "loose-envify": "^1.1.0"
      },
      "engines": {
        "node": ">=0.10.0"
      }
    }
  }
}
