{
  "name": "anything-llm",
  "version": "0.2.0",
  "lockfileVersion": 1,
  "requires": true,
  "dependencies": {
    "clsx": {
      "version": "2.1.1",
      "resolved": "https://registry.npmjs.org/clsx/-/clsx-2.1.1.tgz",
      "integrity": "sha512-eYm0QWBtUrBWZWG0d386OGAw16Z995PiOVo2B7bjWSbHedGl5e0ZWaq65kOGgUSNesEIDkB9ISbTg/JK9dhCZA=="
    },
    "react-toastify": {
      "version": "10.0.6",
      "resolved": "https://registry.npmjs.org/react-toastify/-/react-toastify-10.0.6.tgz",
      "integrity": "sha512-yYjp+omCDf9lhZcrZHKbSq7YMuK0zcYkDFTzfRFgTXkTFHZ1ToxwAonzA4JI5CxA91JpjFLmwEsZEgfYfOqI1A==",
      "requires": {
        "clsx": "^2.1.0"
      }
    }
  }
}
